// !$*UTF8*$!
{
	archiveVersion = 1;
	classes = {
	};
	objectVersion = 46;
	objects = {

/* Begin PBXBuildFile section */
		79F94979A7BD26D09C2A92F7 /* Pods_Pokedex.framework in Frameworks */ = {isa = PBXBuildFile; fileRef = 7B55DD7A536A295113CE77F1 /* Pods_Pokedex.framework */; };
		A52F6EFC1E8C4A3E009A7BBD /* AppDelegate.swift in Sources */ = {isa = PBXBuildFile; fileRef = A52F6EFB1E8C4A3E009A7BBD /* AppDelegate.swift */; };
		A52F6EFE1E8C4A3E009A7BBD /* MainViewController.swift in Sources */ = {isa = PBXBuildFile; fileRef = A52F6EFD1E8C4A3E009A7BBD /* MainViewController.swift */; };
		A52F6F011E8C4A3E009A7BBD /* Main.storyboard in Resources */ = {isa = PBXBuildFile; fileRef = A52F6EFF1E8C4A3E009A7BBD /* Main.storyboard */; };
		A52F6F031E8C4A3E009A7BBD /* Assets.xcassets in Resources */ = {isa = PBXBuildFile; fileRef = A52F6F021E8C4A3E009A7BBD /* Assets.xcassets */; };
		A52F6F061E8C4A3E009A7BBD /* LaunchScreen.storyboard in Resources */ = {isa = PBXBuildFile; fileRef = A52F6F041E8C4A3E009A7BBD /* LaunchScreen.storyboard */; };
		A52F6F121E8C4BD1009A7BBD /* pokemon.csv in Resources */ = {isa = PBXBuildFile; fileRef = A52F6F111E8C4BD1009A7BBD /* pokemon.csv */; };
		A52F6F141E8C4BF3009A7BBD /* Pokemon.swift in Sources */ = {isa = PBXBuildFile; fileRef = A52F6F131E8C4BF3009A7BBD /* Pokemon.swift */; };
		A52F6F161E8C64C9009A7BBD /* PokeCell.swift in Sources */ = {isa = PBXBuildFile; fileRef = A52F6F151E8C64C9009A7BBD /* PokeCell.swift */; };
		A55A871C1E8EF98F0074E073 /* music.mp3 in Resources */ = {isa = PBXBuildFile; fileRef = A55A871A1E8EF98F0074E073 /* music.mp3 */; };
		A55A871D1E8EF98F0074E073 /* music.png in Resources */ = {isa = PBXBuildFile; fileRef = A55A871B1E8EF98F0074E073 /* music.png */; };
		A55A871F1E8F0CBE0074E073 /* PokemonDetailViewController.swift in Sources */ = {isa = PBXBuildFile; fileRef = A55A871E1E8F0CBE0074E073 /* PokemonDetailViewController.swift */; };
		A5C97DA21E8D94A70065137E /* csv.swift in Sources */ = {isa = PBXBuildFile; fileRef = A5C97DA11E8D94A70065137E /* csv.swift */; };
		A5C97DA41E8D99130065137E /* pokemon_solid.ttf in Resources */ = {isa = PBXBuildFile; fileRef = A5C97DA31E8D99130065137E /* pokemon_solid.ttf */; };
		A5C97DA61E8D9B750065137E /* pokemon_hollow.ttf in Resources */ = {isa = PBXBuildFile; fileRef = A5C97DA51E8D9B750065137E /* pokemon_hollow.ttf */; };
		A5D13D9D1E96EFB000C1FD85 /* Constants.swift in Sources */ = {isa = PBXBuildFile; fileRef = A5D13D9C1E96EFB000C1FD85 /* Constants.swift */; };
/* End PBXBuildFile section */

/* Begin PBXFileReference section */
		2B44D260D2D853BEA71A8A0A /* Pods-Pokedex.release.xcconfig */ = {isa = PBXFileReference; includeInIndex = 1; lastKnownFileType = text.xcconfig; name = "Pods-Pokedex.release.xcconfig"; path = "Pods/Target Support Files/Pods-Pokedex/Pods-Pokedex.release.xcconfig"; sourceTree = "<group>"; };
		3AED270C29709AC229A666CB /* Pods-Pokedex.debug.xcconfig */ = {isa = PBXFileReference; includeInIndex = 1; lastKnownFileType = text.xcconfig; name = "Pods-Pokedex.debug.xcconfig"; path = "Pods/Target Support Files/Pods-Pokedex/Pods-Pokedex.debug.xcconfig"; sourceTree = "<group>"; };
		7B55DD7A536A295113CE77F1 /* Pods_Pokedex.framework */ = {isa = PBXFileReference; explicitFileType = wrapper.framework; includeInIndex = 0; path = Pods_Pokedex.framework; sourceTree = BUILT_PRODUCTS_DIR; };
		A52F6EF81E8C4A3E009A7BBD /* Pokedex.app */ = {isa = PBXFileReference; explicitFileType = wrapper.application; includeInIndex = 0; path = Pokedex.app; sourceTree = BUILT_PRODUCTS_DIR; };
		A52F6EFB1E8C4A3E009A7BBD /* AppDelegate.swift */ = {isa = PBXFileReference; lastKnownFileType = sourcecode.swift; path = AppDelegate.swift; sourceTree = "<group>"; };
		A52F6EFD1E8C4A3E009A7BBD /* MainViewController.swift */ = {isa = PBXFileReference; lastKnownFileType = sourcecode.swift; path = MainViewController.swift; sourceTree = "<group>"; };
		A52F6F001E8C4A3E009A7BBD /* Base */ = {isa = PBXFileReference; lastKnownFileType = file.storyboard; name = Base; path = Base.lproj/Main.storyboard; sourceTree = "<group>"; };
		A52F6F021E8C4A3E009A7BBD /* Assets.xcassets */ = {isa = PBXFileReference; lastKnownFileType = folder.assetcatalog; path = Assets.xcassets; sourceTree = "<group>"; };
		A52F6F051E8C4A3E009A7BBD /* Base */ = {isa = PBXFileReference; lastKnownFileType = file.storyboard; name = Base; path = Base.lproj/LaunchScreen.storyboard; sourceTree = "<group>"; };
		A52F6F071E8C4A3E009A7BBD /* Info.plist */ = {isa = PBXFileReference; lastKnownFileType = text.plist.xml; path = Info.plist; sourceTree = "<group>"; };
		A52F6F111E8C4BD1009A7BBD /* pokemon.csv */ = {isa = PBXFileReference; fileEncoding = 4; lastKnownFileType = text; path = pokemon.csv; sourceTree = "<group>"; };
		A52F6F131E8C4BF3009A7BBD /* Pokemon.swift */ = {isa = PBXFileReference; fileEncoding = 4; lastKnownFileType = sourcecode.swift; path = Pokemon.swift; sourceTree = "<group>"; };
		A52F6F151E8C64C9009A7BBD /* PokeCell.swift */ = {isa = PBXFileReference; fileEncoding = 4; lastKnownFileType = sourcecode.swift; path = PokeCell.swift; sourceTree = "<group>"; };
		A55A871A1E8EF98F0074E073 /* music.mp3 */ = {isa = PBXFileReference; lastKnownFileType = audio.mp3; path = music.mp3; sourceTree = "<group>"; };
		A55A871B1E8EF98F0074E073 /* music.png */ = {isa = PBXFileReference; lastKnownFileType = image.png; path = music.png; sourceTree = "<group>"; };
		A55A871E1E8F0CBE0074E073 /* PokemonDetailViewController.swift */ = {isa = PBXFileReference; fileEncoding = 4; lastKnownFileType = sourcecode.swift; path = PokemonDetailViewController.swift; sourceTree = "<group>"; };
		A5C97DA11E8D94A70065137E /* csv.swift */ = {isa = PBXFileReference; fileEncoding = 4; lastKnownFileType = sourcecode.swift; path = csv.swift; sourceTree = "<group>"; };
		A5C97DA31E8D99130065137E /* pokemon_solid.ttf */ = {isa = PBXFileReference; lastKnownFileType = file; path = pokemon_solid.ttf; sourceTree = "<group>"; };
		A5C97DA51E8D9B750065137E /* pokemon_hollow.ttf */ = {isa = PBXFileReference; lastKnownFileType = file; path = pokemon_hollow.ttf; sourceTree = "<group>"; };
		A5D13D9C1E96EFB000C1FD85 /* Constants.swift */ = {isa = PBXFileReference; fileEncoding = 4; lastKnownFileType = sourcecode.swift; path = Constants.swift; sourceTree = "<group>"; };
/* End PBXFileReference section */

/* Begin PBXFrameworksBuildPhase section */
		A52F6EF51E8C4A3E009A7BBD /* Frameworks */ = {
			isa = PBXFrameworksBuildPhase;
			buildActionMask = 2147483647;
			files = (
				79F94979A7BD26D09C2A92F7 /* Pods_Pokedex.framework in Frameworks */,
			);
			runOnlyForDeploymentPostprocessing = 0;
		};
/* End PBXFrameworksBuildPhase section */

/* Begin PBXGroup section */
		2BECF2559DF0148A6812758D /* Pods */ = {
			isa = PBXGroup;
			children = (
				3AED270C29709AC229A666CB /* Pods-Pokedex.debug.xcconfig */,
				2B44D260D2D853BEA71A8A0A /* Pods-Pokedex.release.xcconfig */,
			);
			name = Pods;
			sourceTree = "<group>";
		};
		A52F6EEF1E8C4A3E009A7BBD = {
			isa = PBXGroup;
			children = (
				A52F6EFA1E8C4A3E009A7BBD /* Pokedex */,
				A52F6EF91E8C4A3E009A7BBD /* Products */,
				2BECF2559DF0148A6812758D /* Pods */,
				C2D356128C8F23F1FB3521C6 /* Frameworks */,
			);
			sourceTree = "<group>";
		};
		A52F6EF91E8C4A3E009A7BBD /* Products */ = {
			isa = PBXGroup;
			children = (
				A52F6EF81E8C4A3E009A7BBD /* Pokedex.app */,
			);
			name = Products;
			sourceTree = "<group>";
		};
		A52F6EFA1E8C4A3E009A7BBD /* Pokedex */ = {
			isa = PBXGroup;
			children = (
				A52F6F0E1E8C4B3A009A7BBD /* Model */,
				A52F6F0F1E8C4B44009A7BBD /* View */,
				A52F6F101E8C4B4C009A7BBD /* Controller */,
				A52F6F0D1E8C4B2D009A7BBD /* Supporting Files */,
				A52F6EFF1E8C4A3E009A7BBD /* Main.storyboard */,
			);
			path = Pokedex;
			sourceTree = "<group>";
		};
		A52F6F0D1E8C4B2D009A7BBD /* Supporting Files */ = {
			isa = PBXGroup;
			children = (
				A55A871A1E8EF98F0074E073 /* music.mp3 */,
				A55A871B1E8EF98F0074E073 /* music.png */,
				A5C97DA51E8D9B750065137E /* pokemon_hollow.ttf */,
				A5C97DA31E8D99130065137E /* pokemon_solid.ttf */,
				A5C97DA11E8D94A70065137E /* csv.swift */,
				A52F6EFB1E8C4A3E009A7BBD /* AppDelegate.swift */,
				A52F6F021E8C4A3E009A7BBD /* Assets.xcassets */,
				A52F6F111E8C4BD1009A7BBD /* pokemon.csv */,
				A52F6F041E8C4A3E009A7BBD /* LaunchScreen.storyboard */,
				A52F6F071E8C4A3E009A7BBD /* Info.plist */,
				A5D13D9C1E96EFB000C1FD85 /* Constants.swift */,
			);
			name = "Supporting Files";
			sourceTree = "<group>";
		};
		A52F6F0E1E8C4B3A009A7BBD /* Model */ = {
			isa = PBXGroup;
			children = (
				A52F6F131E8C4BF3009A7BBD /* Pokemon.swift */,
			);
			name = Model;
			sourceTree = "<group>";
		};
		A52F6F0F1E8C4B44009A7BBD /* View */ = {
			isa = PBXGroup;
			children = (
				A52F6F151E8C64C9009A7BBD /* PokeCell.swift */,
			);
			name = View;
			sourceTree = "<group>";
		};
		A52F6F101E8C4B4C009A7BBD /* Controller */ = {
			isa = PBXGroup;
			children = (
				A52F6EFD1E8C4A3E009A7BBD /* MainViewController.swift */,
				A55A871E1E8F0CBE0074E073 /* PokemonDetailViewController.swift */,
			);
			name = Controller;
			sourceTree = "<group>";
		};
		C2D356128C8F23F1FB3521C6 /* Frameworks */ = {
			isa = PBXGroup;
			children = (
				7B55DD7A536A295113CE77F1 /* Pods_Pokedex.framework */,
			);
			name = Frameworks;
			sourceTree = "<group>";
		};
/* End PBXGroup section */

/* Begin PBXNativeTarget section */
		A52F6EF71E8C4A3E009A7BBD /* Pokedex */ = {
			isa = PBXNativeTarget;
			buildConfigurationList = A52F6F0A1E8C4A3E009A7BBD /* Build configuration list for PBXNativeTarget "Pokedex" */;
			buildPhases = (
				6D6BC71341A3B7CCCBE71A84 /* [CP] Check Pods Manifest.lock */,
				A52F6EF41E8C4A3E009A7BBD /* Sources */,
				A52F6EF51E8C4A3E009A7BBD /* Frameworks */,
				A52F6EF61E8C4A3E009A7BBD /* Resources */,
				06CBA6B35BDEF82320E06112 /* [CP] Embed Pods Frameworks */,
				EC9B89782AF3D3EE7BB56585 /* [CP] Copy Pods Resources */,
			);
			buildRules = (
			);
			dependencies = (
			);
			name = Pokedex;
			productName = Pokedex;
			productReference = A52F6EF81E8C4A3E009A7BBD /* Pokedex.app */;
			productType = "com.apple.product-type.application";
		};
/* End PBXNativeTarget section */

/* Begin PBXProject section */
		A52F6EF01E8C4A3E009A7BBD /* Project object */ = {
			isa = PBXProject;
			attributes = {
				LastSwiftUpdateCheck = 0830;
				LastUpgradeCheck = 0830;
				ORGANIZATIONNAME = "Douglas Heitner";
				TargetAttributes = {
					A52F6EF71E8C4A3E009A7BBD = {
						CreatedOnToolsVersion = 8.3;
						LastSwiftMigration = 0830;
						ProvisioningStyle = Automatic;
					};
				};
			};
			buildConfigurationList = A52F6EF31E8C4A3E009A7BBD /* Build configuration list for PBXProject "Pokedex" */;
			compatibilityVersion = "Xcode 3.2";
			developmentRegion = English;
			hasScannedForEncodings = 0;
			knownRegions = (
				en,
				Base,
			);
			mainGroup = A52F6EEF1E8C4A3E009A7BBD;
			productRefGroup = A52F6EF91E8C4A3E009A7BBD /* Products */;
			projectDirPath = "";
			projectRoot = "";
			targets = (
				A52F6EF71E8C4A3E009A7BBD /* Pokedex */,
			);
		};
/* End PBXProject section */

/* Begin PBXResourcesBuildPhase section */
		A52F6EF61E8C4A3E009A7BBD /* Resources */ = {
			isa = PBXResourcesBuildPhase;
			buildActionMask = 2147483647;
			files = (
				A5C97DA41E8D99130065137E /* pokemon_solid.ttf in Resources */,
				A52F6F061E8C4A3E009A7BBD /* LaunchScreen.storyboard in Resources */,
				A5C97DA61E8D9B750065137E /* pokemon_hollow.ttf in Resources */,
				A52F6F031E8C4A3E009A7BBD /* Assets.xcassets in Resources */,
				A52F6F121E8C4BD1009A7BBD /* pokemon.csv in Resources */,
				A55A871D1E8EF98F0074E073 /* music.png in Resources */,
				A55A871C1E8EF98F0074E073 /* music.mp3 in Resources */,
				A52F6F011E8C4A3E009A7BBD /* Main.storyboard in Resources */,
			);
			runOnlyForDeploymentPostprocessing = 0;
		};
/* End PBXResourcesBuildPhase section */

/* Begin PBXShellScriptBuildPhase section */
		06CBA6B35BDEF82320E06112 /* [CP] Embed Pods Frameworks */ = {
			isa = PBXShellScriptBuildPhase;
			buildActionMask = 2147483647;
			files = (
			);
			inputPaths = (
			);
			name = "[CP] Embed Pods Frameworks";
			outputPaths = (
			);
			runOnlyForDeploymentPostprocessing = 0;
			shellPath = /bin/sh;
			shellScript = "\"${SRCROOT}/Pods/Target Support Files/Pods-Pokedex/Pods-Pokedex-frameworks.sh\"\n";
			showEnvVarsInLog = 0;
		};
		6D6BC71341A3B7CCCBE71A84 /* [CP] Check Pods Manifest.lock */ = {
			isa = PBXShellScriptBuildPhase;
			buildActionMask = 2147483647;
			files = (
			);
			inputPaths = (
			);
			name = "[CP] Check Pods Manifest.lock";
			outputPaths = (
			);
			runOnlyForDeploymentPostprocessing = 0;
			shellPath = /bin/sh;
			shellScript = "diff \"${PODS_ROOT}/../Podfile.lock\" \"${PODS_ROOT}/Manifest.lock\" > /dev/null\nif [ $? != 0 ] ; then\n    # print error to STDERR\n    echo \"error: The sandbox is not in sync with the Podfile.lock. Run 'pod install' or update your CocoaPods installation.\" >&2\n    exit 1\nfi\n";
			showEnvVarsInLog = 0;
		};
		EC9B89782AF3D3EE7BB56585 /* [CP] Copy Pods Resources */ = {
			isa = PBXShellScriptBuildPhase;
			buildActionMask = 2147483647;
			files = (
			);
			inputPaths = (
			);
			name = "[CP] Copy Pods Resources";
			outputPaths = (
			);
			runOnlyForDeploymentPostprocessing = 0;
			shellPath = /bin/sh;
			shellScript = "\"${SRCROOT}/Pods/Target Support Files/Pods-Pokedex/Pods-Pokedex-resources.sh\"\n";
			showEnvVarsInLog = 0;
		};
/* End PBXShellScriptBuildPhase section */

/* Begin PBXSourcesBuildPhase section */
		A52F6EF41E8C4A3E009A7BBD /* Sources */ = {
			isa = PBXSourcesBuildPhase;
			buildActionMask = 2147483647;
			files = (
				A52F6F161E8C64C9009A7BBD /* PokeCell.swift in Sources */,
				A52F6EFE1E8C4A3E009A7BBD /* MainViewController.swift in Sources */,
				A52F6F141E8C4BF3009A7BBD /* Pokemon.swift in Sources */,
				A52F6EFC1E8C4A3E009A7BBD /* AppDelegate.swift in Sources */,
				A5D13D9D1E96EFB000C1FD85 /* Constants.swift in Sources */,
				A5C97DA21E8D94A70065137E /* csv.swift in Sources */,
				A55A871F1E8F0CBE0074E073 /* PokemonDetailViewController.swift in Sources */,
			);
			runOnlyForDeploymentPostprocessing = 0;
		};
/* End PBXSourcesBuildPhase section */

/* Begin PBXVariantGroup section */
		A52F6EFF1E8C4A3E009A7BBD /* Main.storyboard */ = {
			isa = PBXVariantGroup;
			children = (
				A52F6F001E8C4A3E009A7BBD /* Base */,
			);
			name = Main.storyboard;
			sourceTree = "<group>";
		};
		A52F6F041E8C4A3E009A7BBD /* LaunchScreen.storyboard */ = {
			isa = PBXVariantGroup;
			children = (
				A52F6F051E8C4A3E009A7BBD /* Base */,
			);
			name = LaunchScreen.storyboard;
			sourceTree = "<group>";
		};
/* End PBXVariantGroup section */

/* Begin XCBuildConfiguration section */
		A52F6F081E8C4A3E009A7BBD /* Debug */ = {
			isa = XCBuildConfiguration;
			buildSettings = {
				ALWAYS_SEARCH_USER_PATHS = NO;
				CLANG_ANALYZER_NONNULL = YES;
				CLANG_ANALYZER_NUMBER_OBJECT_CONVERSION = YES_AGGRESSIVE;
				CLANG_CXX_LANGUAGE_STANDARD = "gnu++0x";
				CLANG_CXX_LIBRARY = "libc++";
				CLANG_ENABLE_MODULES = YES;
				CLANG_ENABLE_OBJC_ARC = YES;
				CLANG_WARN_BOOL_CONVERSION = YES;
				CLANG_WARN_CONSTANT_CONVERSION = YES;
				CLANG_WARN_DIRECT_OBJC_ISA_USAGE = YES_ERROR;
				CLANG_WARN_DOCUMENTATION_COMMENTS = YES;
				CLANG_WARN_EMPTY_BODY = YES;
				CLANG_WARN_ENUM_CONVERSION = YES;
				CLANG_WARN_INFINITE_RECURSION = YES;
				CLANG_WARN_INT_CONVERSION = YES;
				CLANG_WARN_OBJC_ROOT_CLASS = YES_ERROR;
				CLANG_WARN_SUSPICIOUS_MOVE = YES;
				CLANG_WARN_UNREACHABLE_CODE = YES;
				CLANG_WARN__DUPLICATE_METHOD_MATCH = YES;
				"CODE_SIGN_IDENTITY[sdk=iphoneos*]" = "iPhone Developer";
				COPY_PHASE_STRIP = NO;
				DEBUG_INFORMATION_FORMAT = dwarf;
				ENABLE_STRICT_OBJC_MSGSEND = YES;
				ENABLE_TESTABILITY = YES;
				GCC_C_LANGUAGE_STANDARD = gnu99;
				GCC_DYNAMIC_NO_PIC = NO;
				GCC_NO_COMMON_BLOCKS = YES;
				GCC_OPTIMIZATION_LEVEL = 0;
				GCC_PREPROCESSOR_DEFINITIONS = (
					"DEBUG=1",
					"$(inherited)",
				);
				GCC_WARN_64_TO_32_BIT_CONVERSION = YES;
				GCC_WARN_ABOUT_RETURN_TYPE = YES_ERROR;
				GCC_WARN_UNDECLARED_SELECTOR = YES;
				GCC_WARN_UNINITIALIZED_AUTOS = YES_AGGRESSIVE;
				GCC_WARN_UNUSED_FUNCTION = YES;
				GCC_WARN_UNUSED_VARIABLE = YES;
				IPHONEOS_DEPLOYMENT_TARGET = 10.3;
				MTL_ENABLE_DEBUG_INFO = YES;
				ONLY_ACTIVE_ARCH = YES;
				SDKROOT = iphoneos;
				SWIFT_ACTIVE_COMPILATION_CONDITIONS = DEBUG;
				SWIFT_OPTIMIZATION_LEVEL = "-Onone";
				TARGETED_DEVICE_FAMILY = "1,2";
			};
			name = Debug;
		};
		A52F6F091E8C4A3E009A7BBD /* Release */ = {
			isa = XCBuildConfiguration;
			buildSettings = {
				ALWAYS_SEARCH_USER_PATHS = NO;
				CLANG_ANALYZER_NONNULL = YES;
				CLANG_ANALYZER_NUMBER_OBJECT_CONVERSION = YES_AGGRESSIVE;
				CLANG_CXX_LANGUAGE_STANDARD = "gnu++0x";
				CLANG_CXX_LIBRARY = "libc++";
				CLANG_ENABLE_MODULES = YES;
				CLANG_ENABLE_OBJC_ARC = YES;
				CLANG_WARN_BOOL_CONVERSION = YES;
				CLANG_WARN_CONSTANT_CONVERSION = YES;
				CLANG_WARN_DIRECT_OBJC_ISA_USAGE = YES_ERROR;
				CLANG_WARN_DOCUMENTATION_COMMENTS = YES;
				CLANG_WARN_EMPTY_BODY = YES;
				CLANG_WARN_ENUM_CONVERSION = YES;
				CLANG_WARN_INFINITE_RECURSION = YES;
				CLANG_WARN_INT_CONVERSION = YES;
				CLANG_WARN_OBJC_ROOT_CLASS = YES_ERROR;
				CLANG_WARN_SUSPICIOUS_MOVE = YES;
				CLANG_WARN_UNREACHABLE_CODE = YES;
				CLANG_WARN__DUPLICATE_METHOD_MATCH = YES;
				"CODE_SIGN_IDENTITY[sdk=iphoneos*]" = "iPhone Developer";
				COPY_PHASE_STRIP = NO;
				DEBUG_INFORMATION_FORMAT = "dwarf-with-dsym";
				ENABLE_NS_ASSERTIONS = NO;
				ENABLE_STRICT_OBJC_MSGSEND = YES;
				GCC_C_LANGUAGE_STANDARD = gnu99;
				GCC_NO_COMMON_BLOCKS = YES;
				GCC_WARN_64_TO_32_BIT_CONVERSION = YES;
				GCC_WARN_ABOUT_RETURN_TYPE = YES_ERROR;
				GCC_WARN_UNDECLARED_SELECTOR = YES;
				GCC_WARN_UNINITIALIZED_AUTOS = YES_AGGRESSIVE;
				GCC_WARN_UNUSED_FUNCTION = YES;
				GCC_WARN_UNUSED_VARIABLE = YES;
				IPHONEOS_DEPLOYMENT_TARGET = 10.3;
				MTL_ENABLE_DEBUG_INFO = NO;
				SDKROOT = iphoneos;
				SWIFT_OPTIMIZATION_LEVEL = "-Owholemodule";
				TARGETED_DEVICE_FAMILY = "1,2";
				VALIDATE_PRODUCT = YES;
			};
			name = Release;
		};
		A52F6F0B1E8C4A3E009A7BBD /* Debug */ = {
			isa = XCBuildConfiguration;
			baseConfigurationReference = 3AED270C29709AC229A666CB /* Pods-Pokedex.debug.xcconfig */;
			buildSettings = {
				ASSETCATALOG_COMPILER_APPICON_NAME = AppIcon;
				INFOPLIST_FILE = Pokedex/Info.plist;
				LD_RUNPATH_SEARCH_PATHS = "$(inherited) @executable_path/Frameworks";
				PRODUCT_BUNDLE_IDENTIFIER = com.douglasheitner.Pokedex;
				PRODUCT_NAME = "$(TARGET_NAME)";
				SWIFT_VERSION = 3.0;
			};
			name = Debug;
		};
		A52F6F0C1E8C4A3E009A7BBD /* Release */ = {
			isa = XCBuildConfiguration;
			baseConfigurationReference = 2B44D260D2D853BEA71A8A0A /* Pods-Pokedex.release.xcconfig */;
			buildSettings = {
				ASSETCATALOG_COMPILER_APPICON_NAME = AppIcon;
				INFOPLIST_FILE = Pokedex/Info.plist;
				LD_RUNPATH_SEARCH_PATHS = "$(inherited) @executable_path/Frameworks";
				PRODUCT_BUNDLE_IDENTIFIER = com.douglasheitner.Pokedex;
				PRODUCT_NAME = "$(TARGET_NAME)";
				SWIFT_VERSION = 3.0;
			};
			name = Release;
		};
/* End XCBuildConfiguration section */

/* Begin XCConfigurationList section */
		A52F6EF31E8C4A3E009A7BBD /* Build configuration list for PBXProject "Pokedex" */ = {
			isa = XCConfigurationList;
			buildConfigurations = (
				A52F6F081E8C4A3E009A7BBD /* Debug */,
				A52F6F091E8C4A3E009A7BBD /* Release */,
			);
			defaultConfigurationIsVisible = 0;
			defaultConfigurationName = Release;
		};
		A52F6F0A1E8C4A3E009A7BBD /* Build configuration list for PBXNativeTarget "Pokedex" */ = {
			isa = XCConfigurationList;
			buildConfigurations = (
				A52F6F0B1E8C4A3E009A7BBD /* Debug */,
				A52F6F0C1E8C4A3E009A7BBD /* Release */,
			);
			defaultConfigurationIsVisible = 0;
			defaultConfigurationName = Release;
		};
/* End XCConfigurationList section */
	};
	rootObject = A52F6EF01E8C4A3E009A7BBD /* Project object */;
}
